PODS:
  - GreatfireEnvoy/Core (0.2.0):
    - IEnvoyProxy (~> 2.0)
  - GreatfireEnvoy/Curl (0.2.0):
    - GreatfireEnvoy/Core
    - SwiftyCurl (~> 0.3)
  - GreatfireEnvoy/Curl/Tests (0.2.0):
    - GreatfireEnvoy/Core
    - SwiftyCurl (~> 0.3)
  - IEnvoyProxy (2.0.1)
  - SwiftyCurl (0.3.0)

DEPENDENCIES:
  - GreatfireEnvoy/Curl (from `../../`)
  - GreatfireEnvoy/Curl/Tests (from `../../`)

SPEC REPOS:
  https://github.com/CocoaPods/Specs.git:
    - IEnvoyProxy
    - SwiftyCurl

EXTERNAL SOURCES:
  GreatfireEnvoy:
    :path: "../../"

SPEC CHECKSUMS:
  GreatfireEnvoy: d2ead59058aa9c81f5457ce2e9c4beec5d264017
  IEnvoyProxy: 51bc3a4909edcc0eea86841072a1ea2fd49e7b5c
  SwiftyCurl: 9bdff49abe7a29326b8d7dd466666049b3cf5f1c

PODFILE CHECKSUM: 0aabea011dca1c759b3bb03a3c4a4e1b84253c9b

COCOAPODS: 1.16.2
