PODS:
  - GreatfireEnvoy/Core (0.3.0):
    - IEnvoyProxy (~> 3.0)
  - GreatfireEnvoy/Curl (0.3.0):
    - GreatfireEnvoy/Core
    - SwiftyCurl (~> 0.4)
  - GreatfireEnvoy/Curl/Tests (0.3.0):
    - GreatfireEnvoy/Core
    - SwiftyCurl (~> 0.4)
  - IEnvoyProxy (3.0.0)
  - SwiftyCurl (0.4.0)

DEPENDENCIES:
  - GreatfireEnvoy/Curl (from `../../`)
  - GreatfireEnvoy/Curl/Tests (from `../../`)

SPEC REPOS:
  https://github.com/CocoaPods/Specs.git:
    - IEnvoyProxy
    - SwiftyCurl

EXTERNAL SOURCES:
  GreatfireEnvoy:
    :path: "../../"

SPEC CHECKSUMS:
  GreatfireEnvoy: 5581f0c241b24298ac7610ca09fb8bd8d23a36e3
  IEnvoyProxy: 7264306407958184669e9d90844e1f3014aef44d
  SwiftyCurl: 7c38c8d48ae276823f374e6fd13880b6538cc148

PODFILE CHECKSUM: 7ab5a75273a64740d8d60515289326188d1226f6

COCOAPODS: 1.16.2
