PODS:
  - GreatfireEnvoy/Core (0.2.0):
    - IEnvoyProxy (~> 2.0)
  - GreatfireEnvoy/Curl (0.2.0):
    - GreatfireEnvoy/Core
    - SwiftyCurl (~> 0.1)
  - GreatfireEnvoy/Curl/Tests (0.2.0):
    - GreatfireEnvoy/Core
    - SwiftyCurl (~> 0.1)
  - IEnvoyProxy (2.0.1)
  - SwiftyCurl (0.1.0)

DEPENDENCIES:
  - GreatfireEnvoy/Curl (from `../../`)
  - GreatfireEnvoy/Curl/Tests (from `../../`)

SPEC REPOS:
  https://github.com/CocoaPods/Specs.git:
    - IEnvoyProxy
    - SwiftyCurl

EXTERNAL SOURCES:
  GreatfireEnvoy:
    :path: "../../"

SPEC CHECKSUMS:
  GreatfireEnvoy: f05476eddeb074736d128c58c7f6bccb38acd4b4
  IEnvoyProxy: 51bc3a4909edcc0eea86841072a1ea2fd49e7b5c
  SwiftyCurl: 4c53c1a023e5f133440626a4e91ac679003b7085

PODFILE CHECKSUM: 0aabea011dca1c759b3bb03a3c4a4e1b84253c9b

COCOAPODS: 1.16.2
